# This file is autogenerated, do not edit; changes may be undone by the next 'dep ensure'.


[[projects]]
  digest = "1:5c104804a98397d917da259be358a8eff9e6ba31b19b945f9eea255eed2c47f4"
  name = "github.com/docker/distribution"
  packages = ["uuid"]
  pruneopts = "UT"
  revision = "48294d928ced5dd9b378f7fd7c6f5da3ff3f2c89"
  version = "v2.6.2"

[[projects]]
  branch = "master"
  digest = "1:baf6966b231fcf6d01e59b5d408ed7f09a747ef986d1f101ed8a3fa91811a14a"
  name = "github.com/openfaas-incubator/go-function-sdk"
  packages = ["."]
  pruneopts = "UT"
  revision = "0ea4461991f0a9612e35e454e2f954435c0b97bb"

[solve-meta]
  analyzer-name = "dep"
  analyzer-version = 1
  input-imports = [
    "github.com/docker/distribution/uuid",
    "github.com/openfaas-incubator/go-function-sdk",
  ]
  solver-name = "gps-cdcl"
  solver-version = 1
